// !$*UTF8*$!
{
	archiveVersion = 1;
	classes = {
	};
	objectVersion = 48;
	objects = {

/* Begin PBXBuildFile section */
		F8E2E62420034129002EDAD7 /* AppDelegate.swift in Sources */ = {isa = PBXBuildFile; fileRef = F8E2E62320034129002EDAD7 /* AppDelegate.swift */; };
		F8E2E62620034129002EDAD7 /* ViewController.swift in Sources */ = {isa = PBXBuildFile; fileRef = F8E2E62520034129002EDAD7 /* ViewController.swift */; };
		F8E2E62920034129002EDAD7 /* Main.storyboard in Resources */ = {isa = PBXBuildFile; fileRef = F8E2E62720034129002EDAD7 /* Main.storyboard */; };
		F8E2E62B20034129002EDAD7 /* Assets.xcassets in Resources */ = {isa = PBXBuildFile; fileRef = F8E2E62A20034129002EDAD7 /* Assets.xcassets */; };
		F8E2E62E20034129002EDAD7 /* LaunchScreen.storyboard in Resources */ = {isa = PBXBuildFile; fileRef = F8E2E62C20034129002EDAD7 /* LaunchScreen.storyboard */; };
		F8E2E63920034129002EDAD7 /* HelloTests.swift in Sources */ = {isa = PBXBuildFile; fileRef = F8E2E63820034129002EDAD7 /* HelloTests.swift */; };
		F8E2E64420034129002EDAD7 /* HelloUITests.swift in Sources */ = {isa = PBXBuildFile; fileRef = F8E2E64320034129002EDAD7 /* HelloUITests.swift */; };
/* End PBXBuildFile section */

/* Begin PBXContainerItemProxy section */
		F8E2E63520034129002EDAD7 /* PBXContainerItemProxy */ = {
			isa = PBXContainerItemProxy;
			containerPortal = F8E2E61820034129002EDAD7 /* Project object */;
			proxyType = 1;
			remoteGlobalIDString = F8E2E61F20034129002EDAD7;
			remoteInfo = Hello;
		};
		F8E2E64020034129002EDAD7 /* PBXContainerItemProxy */ = {
			isa = PBXContainerItemProxy;
			containerPortal = F8E2E61820034129002EDAD7 /* Project object */;
			proxyType = 1;
			remoteGlobalIDString = F8E2E61F20034129002EDAD7;
			remoteInfo = Hello;
		};
/* End PBXContainerItemProxy section */

/* Begin PBXFileReference section */
		F8E2E62020034129002EDAD7 /* Hello.app */ = {isa = PBXFileReference; explicitFileType = wrapper.application; includeInIndex = 0; path = Hello.app; sourceTree = BUILT_PRODUCTS_DIR; };
		F8E2E62320034129002EDAD7 /* AppDelegate.swift */ = {isa = PBXFileReference; lastKnownFileType = sourcecode.swift; path = AppDelegate.swift; sourceTree = "<group>"; };
		F8E2E62520034129002EDAD7 /* ViewController.swift */ = {isa = PBXFileReference; lastKnownFileType = sourcecode.swift; path = ViewController.swift; sourceTree = "<group>"; };
		F8E2E62820034129002EDAD7 /* Base */ = {isa = PBXFileReference; lastKnownFileType = file.storyboard; name = Base; path = Base.lproj/Main.storyboard; sourceTree = "<group>"; };
		F8E2E62A20034129002EDAD7 /* Assets.xcassets */ = {isa = PBXFileReference; lastKnownFileType = folder.assetcatalog; path = Assets.xcassets; sourceTree = "<group>"; };
		F8E2E62D20034129002EDAD7 /* Base */ = {isa = PBXFileReference; lastKnownFileType = file.storyboard; name = Base; path = Base.lproj/LaunchScreen.storyboard; sourceTree = "<group>"; };
		F8E2E62F20034129002EDAD7 /* Info.plist */ = {isa = PBXFileReference; lastKnownFileType = text.plist.xml; path = Info.plist; sourceTree = "<group>"; };
		F8E2E63420034129002EDAD7 /* HelloTests.xctest */ = {isa = PBXFileReference; explicitFileType = wrapper.cfbundle; includeInIndex = 0; path = HelloTests.xctest; sourceTree = BUILT_PRODUCTS_DIR; };
		F8E2E63820034129002EDAD7 /* HelloTests.swift */ = {isa = PBXFileReference; lastKnownFileType = sourcecode.swift; path = HelloTests.swift; sourceTree = "<group>"; };
		F8E2E63A20034129002EDAD7 /* Info.plist */ = {isa = PBXFileReference; lastKnownFileType = text.plist.xml; path = Info.plist; sourceTree = "<group>"; };
		F8E2E63F20034129002EDAD7 /* HelloUITests.xctest */ = {isa = PBXFileReference; explicitFileType = wrapper.cfbundle; includeInIndex = 0; path = HelloUITests.xctest; sourceTree = BUILT_PRODUCTS_DIR; };
		F8E2E64320034129002EDAD7 /* HelloUITests.swift */ = {isa = PBXFileReference; lastKnownFileType = sourcecode.swift; path = HelloUITests.swift; sourceTree = "<group>"; };
		F8E2E64520034129002EDAD7 /* Info.plist */ = {isa = PBXFileReference; lastKnownFileType = text.plist.xml; path = Info.plist; sourceTree = "<group>"; };
/* End PBXFileReference section */

/* Begin PBXFrameworksBuildPhase section */
		F8E2E61D20034129002EDAD7 /* Frameworks */ = {
			isa = PBXFrameworksBuildPhase;
			buildActionMask = 2147483647;
			files = (
			);
			runOnlyForDeploymentPostprocessing = 0;
		};
		F8E2E63120034129002EDAD7 /* Frameworks */ = {
			isa = PBXFrameworksBuildPhase;
			buildActionMask = 2147483647;
			files = (
			);
			runOnlyForDeploymentPostprocessing = 0;
		};
		F8E2E63C20034129002EDAD7 /* Frameworks */ = {
			isa = PBXFrameworksBuildPhase;
			buildActionMask = 2147483647;
			files = (
			);
			runOnlyForDeploymentPostprocessing = 0;
		};
/* End PBXFrameworksBuildPhase section */

/* Begin PBXGroup section */
		F8E2E61720034129002EDAD7 = {
			isa = PBXGroup;
			children = (
				F8E2E62220034129002EDAD7 /* Hello */,
				F8E2E63720034129002EDAD7 /* HelloTests */,
				F8E2E64220034129002EDAD7 /* HelloUITests */,
				F8E2E62120034129002EDAD7 /* Products */,
			);
			sourceTree = "<group>";
		};
		F8E2E62120034129002EDAD7 /* Products */ = {
			isa = PBXGroup;
			children = (
				F8E2E62020034129002EDAD7 /* Hello.app */,
				F8E2E63420034129002EDAD7 /* HelloTests.xctest */,
				F8E2E63F20034129002EDAD7 /* HelloUITests.xctest */,
			);
			name = Products;
			sourceTree = "<group>";
		};
		F8E2E62220034129002EDAD7 /* Hello */ = {
			isa = PBXGroup;
			children = (
				F8E2E62320034129002EDAD7 /* AppDelegate.swift */,
				F8E2E62520034129002EDAD7 /* ViewController.swift */,
				F8E2E62720034129002EDAD7 /* Main.storyboard */,
				F8E2E62A20034129002EDAD7 /* Assets.xcassets */,
				F8E2E62C20034129002EDAD7 /* LaunchScreen.storyboard */,
				F8E2E62F20034129002EDAD7 /* Info.plist */,
			);
			path = Hello;
			sourceTree = "<group>";
		};
		F8E2E63720034129002EDAD7 /* HelloTests */ = {
			isa = PBXGroup;
			children = (
				F8E2E63820034129002EDAD7 /* HelloTests.swift */,
				F8E2E63A20034129002EDAD7 /* Info.plist */,
			);
			path = HelloTests;
			sourceTree = "<group>";
		};
		F8E2E64220034129002EDAD7 /* HelloUITests */ = {
			isa = PBXGroup;
			children = (
				F8E2E64320034129002EDAD7 /* HelloUITests.swift */,
				F8E2E64520034129002EDAD7 /* Info.plist */,
			);
			path = HelloUITests;
			sourceTree = "<group>";
		};
/* End PBXGroup section */

/* Begin PBXNativeTarget section */
		F8E2E61F20034129002EDAD7 /* Hello */ = {
			isa = PBXNativeTarget;
			buildConfigurationList = F8E2E64820034129002EDAD7 /* Build configuration list for PBXNativeTarget "Hello" */;
			buildPhases = (
				F8E2E61C20034129002EDAD7 /* Sources */,
				F8E2E61D20034129002EDAD7 /* Frameworks */,
				F8E2E61E20034129002EDAD7 /* Resources */,
			);
			buildRules = (
			);
			dependencies = (
			);
			name = Hello;
			productName = Hello;
			productReference = F8E2E62020034129002EDAD7 /* Hello.app */;
			productType = "com.apple.product-type.application";
		};
		F8E2E63320034129002EDAD7 /* HelloTests */ = {
			isa = PBXNativeTarget;
			buildConfigurationList = F8E2E64B20034129002EDAD7 /* Build configuration list for PBXNativeTarget "HelloTests" */;
			buildPhases = (
				F8E2E63020034129002EDAD7 /* Sources */,
				F8E2E63120034129002EDAD7 /* Frameworks */,
				F8E2E63220034129002EDAD7 /* Resources */,
			);
			buildRules = (
			);
			dependencies = (
				F8E2E63620034129002EDAD7 /* PBXTargetDependency */,
			);
			name = HelloTests;
			productName = HelloTests;
			productReference = F8E2E63420034129002EDAD7 /* HelloTests.xctest */;
			productType = "com.apple.product-type.bundle.unit-test";
		};
		F8E2E63E20034129002EDAD7 /* HelloUITests */ = {
			isa = PBXNativeTarget;
			buildConfigurationList = F8E2E64E20034129002EDAD7 /* Build configuration list for PBXNativeTarget "HelloUITests" */;
			buildPhases = (
				F8E2E63B20034129002EDAD7 /* Sources */,
				F8E2E63C20034129002EDAD7 /* Frameworks */,
				F8E2E63D20034129002EDAD7 /* Resources */,
			);
			buildRules = (
			);
			dependencies = (
				F8E2E64120034129002EDAD7 /* PBXTargetDependency */,
			);
			name = HelloUITests;
			productName = HelloUITests;
			productReference = F8E2E63F20034129002EDAD7 /* HelloUITests.xctest */;
			productType = "com.apple.product-type.bundle.ui-testing";
		};
/* End PBXNativeTarget section */

/* Begin PBXProject section */
		F8E2E61820034129002EDAD7 /* Project object */ = {
			isa = PBXProject;
			attributes = {
				LastSwiftUpdateCheck = 0920;
				LastUpgradeCheck = 0920;
				ORGANIZATIONNAME = "Isaac Chen";
				TargetAttributes = {
					F8E2E61F20034129002EDAD7 = {
						CreatedOnToolsVersion = 9.2;
						ProvisioningStyle = Automatic;
					};
					F8E2E63320034129002EDAD7 = {
						CreatedOnToolsVersion = 9.2;
						ProvisioningStyle = Automatic;
						TestTargetID = F8E2E61F20034129002EDAD7;
					};
					F8E2E63E20034129002EDAD7 = {
						CreatedOnToolsVersion = 9.2;
						ProvisioningStyle = Automatic;
						TestTargetID = F8E2E61F20034129002EDAD7;
					};
				};
			};
			buildConfigurationList = F8E2E61B20034129002EDAD7 /* Build configuration list for PBXProject "Hello" */;
			compatibilityVersion = "Xcode 8.0";
			developmentRegion = en;
			hasScannedForEncodings = 0;
			knownRegions = (
				en,
				Base,
			);
			mainGroup = F8E2E61720034129002EDAD7;
			productRefGroup = F8E2E62120034129002EDAD7 /* Products */;
			projectDirPath = "";
			projectRoot = "";
			targets = (
				F8E2E61F20034129002EDAD7 /* Hello */,
				F8E2E63320034129002EDAD7 /* HelloTests */,
				F8E2E63E20034129002EDAD7 /* HelloUITests */,
			);
		};
/* End PBXProject section */

/* Begin PBXResourcesBuildPhase section */
		F8E2E61E20034129002EDAD7 /* Resources */ = {
			isa = PBXResourcesBuildPhase;
			buildActionMask = 2147483647;
			files = (
				F8E2E62E20034129002EDAD7 /* LaunchScreen.storyboard in Resources */,
				F8E2E62B20034129002EDAD7 /* Assets.xcassets in Resources */,
				F8E2E62920034129002EDAD7 /* Main.storyboard in Resources */,
			);
			runOnlyForDeploymentPostprocessing = 0;
		};
		F8E2E63220034129002EDAD7 /* Resources */ = {
			isa = PBXResourcesBuildPhase;
			buildActionMask = 2147483647;
			files = (
			);
			runOnlyForDeploymentPostprocessing = 0;
		};
		F8E2E63D20034129002EDAD7 /* Resources */ = {
			isa = PBXResourcesBuildPhase;
			buildActionMask = 2147483647;
			files = (
			);
			runOnlyForDeploymentPostprocessing = 0;
		};
/* End PBXResourcesBuildPhase section */

/* Begin PBXSourcesBuildPhase section */
		F8E2E61C20034129002EDAD7 /* Sources */ = {
			isa = PBXSourcesBuildPhase;
			buildActionMask = 2147483647;
			files = (
				F8E2E62620034129002EDAD7 /* ViewController.swift in Sources */,
				F8E2E62420034129002EDAD7 /* AppDelegate.swift in Sources */,
			);
			runOnlyForDeploymentPostprocessing = 0;
		};
		F8E2E63020034129002EDAD7 /* Sources */ = {
			isa = PBXSourcesBuildPhase;
			buildActionMask = 2147483647;
			files = (
				F8E2E63920034129002EDAD7 /* HelloTests.swift in Sources */,
			);
			runOnlyForDeploymentPostprocessing = 0;
		};
		F8E2E63B20034129002EDAD7 /* Sources */ = {
			isa = PBXSourcesBuildPhase;
			buildActionMask = 2147483647;
			files = (
				F8E2E64420034129002EDAD7 /* HelloUITests.swift in Sources */,
			);
			runOnlyForDeploymentPostprocessing = 0;
		};
/* End PBXSourcesBuildPhase section */

/* Begin PBXTargetDependency section */
		F8E2E63620034129002EDAD7 /* PBXTargetDependency */ = {
			isa = PBXTargetDependency;
			target = F8E2E61F20034129002EDAD7 /* Hello */;
			targetProxy = F8E2E63520034129002EDAD7 /* PBXContainerItemProxy */;
		};
		F8E2E64120034129002EDAD7 /* PBXTargetDependency */ = {
			isa = PBXTargetDependency;
			target = F8E2E61F20034129002EDAD7 /* Hello */;
			targetProxy = F8E2E64020034129002EDAD7 /* PBXContainerItemProxy */;
		};
/* End PBXTargetDependency section */

/* Begin PBXVariantGroup section */
		F8E2E62720034129002EDAD7 /* Main.storyboard */ = {
			isa = PBXVariantGroup;
			children = (
				F8E2E62820034129002EDAD7 /* Base */,
			);
			name = Main.storyboard;
			sourceTree = "<group>";
		};
		F8E2E62C20034129002EDAD7 /* LaunchScreen.storyboard */ = {
			isa = PBXVariantGroup;
			children = (
				F8E2E62D20034129002EDAD7 /* Base */,
			);
			name = LaunchScreen.storyboard;
			sourceTree = "<group>";
		};
/* End PBXVariantGroup section */

/* Begin XCBuildConfiguration section */
		F8E2E64620034129002EDAD7 /* Debug */ = {
			isa = XCBuildConfiguration;
			buildSettings = {
				ALWAYS_SEARCH_USER_PATHS = NO;
				CLANG_ANALYZER_NONNULL = YES;
				CLANG_ANALYZER_NUMBER_OBJECT_CONVERSION = YES_AGGRESSIVE;
				CLANG_CXX_LANGUAGE_STANDARD = "gnu++14";
				CLANG_CXX_LIBRARY = "libc++";
				CLANG_ENABLE_MODULES = YES;
				CLANG_ENABLE_OBJC_ARC = YES;
				CLANG_WARN_BLOCK_CAPTURE_AUTORELEASING = YES;
				CLANG_WARN_BOOL_CONVERSION = YES;
				CLANG_WARN_COMMA = YES;
				CLANG_WARN_CONSTANT_CONVERSION = YES;
				CLANG_WARN_DIRECT_OBJC_ISA_USAGE = YES_ERROR;
				CLANG_WARN_DOCUMENTATION_COMMENTS = YES;
				CLANG_WARN_EMPTY_BODY = YES;
				CLANG_WARN_ENUM_CONVERSION = YES;
				CLANG_WARN_INFINITE_RECURSION = YES;
				CLANG_WARN_INT_CONVERSION = YES;
				CLANG_WARN_NON_LITERAL_NULL_CONVERSION = YES;
				CLANG_WARN_OBJC_LITERAL_CONVERSION = YES;
				CLANG_WARN_OBJC_ROOT_CLASS = YES_ERROR;
				CLANG_WARN_RANGE_LOOP_ANALYSIS = YES;
				CLANG_WARN_STRICT_PROTOTYPES = YES;
				CLANG_WARN_SUSPICIOUS_MOVE = YES;
				CLANG_WARN_UNGUARDED_AVAILABILITY = YES_AGGRESSIVE;
				CLANG_WARN_UNREACHABLE_CODE = YES;
				CLANG_WARN__DUPLICATE_METHOD_MATCH = YES;
				CODE_SIGN_IDENTITY = "iPhone Developer";
				COPY_PHASE_STRIP = NO;
				DEBUG_INFORMATION_FORMAT = dwarf;
				ENABLE_STRICT_OBJC_MSGSEND = YES;
				ENABLE_TESTABILITY = YES;
				GCC_C_LANGUAGE_STANDARD = gnu11;
				GCC_DYNAMIC_NO_PIC = NO;
				GCC_NO_COMMON_BLOCKS = YES;
				GCC_OPTIMIZATION_LEVEL = 0;
				GCC_PREPROCESSOR_DEFINITIONS = (
					"DEBUG=1",
					"$(inherited)",
				);
				GCC_WARN_64_TO_32_BIT_CONVERSION = YES;
				GCC_WARN_ABOUT_RETURN_TYPE = YES_ERROR;
				GCC_WARN_UNDECLARED_SELECTOR = YES;
				GCC_WARN_UNINITIALIZED_AUTOS = YES_AGGRESSIVE;
				GCC_WARN_UNUSED_FUNCTION = YES;
				GCC_WARN_UNUSED_VARIABLE = YES;
				IPHONEOS_DEPLOYMENT_TARGET = 11.2;
				MTL_ENABLE_DEBUG_INFO = YES;
				ONLY_ACTIVE_ARCH = YES;
				SDKROOT = iphoneos;
				SWIFT_ACTIVE_COMPILATION_CONDITIONS = DEBUG;
				SWIFT_OPTIMIZATION_LEVEL = "-Onone";
			};
			name = Debug;
		};
		F8E2E64720034129002EDAD7 /* Release */ = {
			isa = XCBuildConfiguration;
			buildSettings = {
				ALWAYS_SEARCH_USER_PATHS = NO;
				CLANG_ANALYZER_NONNULL = YES;
				CLANG_ANALYZER_NUMBER_OBJECT_CONVERSION = YES_AGGRESSIVE;
				CLANG_CXX_LANGUAGE_STANDARD = "gnu++14";
				CLANG_CXX_LIBRARY = "libc++";
				CLANG_ENABLE_MODULES = YES;
				CLANG_ENABLE_OBJC_ARC = YES;
				CLANG_WARN_BLOCK_CAPTURE_AUTORELEASING = YES;
				CLANG_WARN_BOOL_CONVERSION = YES;
				CLANG_WARN_COMMA = YES;
				CLANG_WARN_CONSTANT_CONVERSION = YES;
				CLANG_WARN_DIRECT_OBJC_ISA_USAGE = YES_ERROR;
				CLANG_WARN_DOCUMENTATION_COMMENTS = YES;
				CLANG_WARN_EMPTY_BODY = YES;
				CLANG_WARN_ENUM_CONVERSION = YES;
				CLANG_WARN_INFINITE_RECURSION = YES;
				CLANG_WARN_INT_CONVERSION = YES;
				CLANG_WARN_NON_LITERAL_NULL_CONVERSION = YES;
				CLANG_WARN_OBJC_LITERAL_CONVERSION = YES;
				CLANG_WARN_OBJC_ROOT_CLASS = YES_ERROR;
				CLANG_WARN_RANGE_LOOP_ANALYSIS = YES;
				CLANG_WARN_STRICT_PROTOTYPES = YES;
				CLANG_WARN_SUSPICIOUS_MOVE = YES;
				CLANG_WARN_UNGUARDED_AVAILABILITY = YES_AGGRESSIVE;
				CLANG_WARN_UNREACHABLE_CODE = YES;
				CLANG_WARN__DUPLICATE_METHOD_MATCH = YES;
				CODE_SIGN_IDENTITY = "iPhone Developer";
				COPY_PHASE_STRIP = NO;
				DEBUG_INFORMATION_FORMAT = "dwarf-with-dsym";
				ENABLE_NS_ASSERTIONS = NO;
				ENABLE_STRICT_OBJC_MSGSEND = YES;
				GCC_C_LANGUAGE_STANDARD = gnu11;
				GCC_NO_COMMON_BLOCKS = YES;
				GCC_WARN_64_TO_32_BIT_CONVERSION = YES;
				GCC_WARN_ABOUT_RETURN_TYPE = YES_ERROR;
				GCC_WARN_UNDECLARED_SELECTOR = YES;
				GCC_WARN_UNINITIALIZED_AUTOS = YES_AGGRESSIVE;
				GCC_WARN_UNUSED_FUNCTION = YES;
				GCC_WARN_UNUSED_VARIABLE = YES;
				IPHONEOS_DEPLOYMENT_TARGET = 11.2;
				MTL_ENABLE_DEBUG_INFO = NO;
				SDKROOT = iphoneos;
				SWIFT_OPTIMIZATION_LEVEL = "-Owholemodule";
				VALIDATE_PRODUCT = YES;
			};
			name = Release;
		};
		F8E2E64920034129002EDAD7 /* Debug */ = {
			isa = XCBuildConfiguration;
			buildSettings = {
				ASSETCATALOG_COMPILER_APPICON_NAME = AppIcon;
				CODE_SIGN_STYLE = Automatic;
				INFOPLIST_FILE = Hello/Info.plist;
				LD_RUNPATH_SEARCH_PATHS = "$(inherited) @executable_path/Frameworks";
				PRODUCT_BUNDLE_IDENTIFIER = edu.washinton.uw.isaacjc.Hello;
				PRODUCT_NAME = "$(TARGET_NAME)";
				SWIFT_VERSION = 4.0;
				TARGETED_DEVICE_FAMILY = "1,2";
			};
			name = Debug;
		};
		F8E2E64A20034129002EDAD7 /* Release */ = {
			isa = XCBuildConfiguration;
			buildSettings = {
				ASSETCATALOG_COMPILER_APPICON_NAME = AppIcon;
				CODE_SIGN_STYLE = Automatic;
				INFOPLIST_FILE = Hello/Info.plist;
				LD_RUNPATH_SEARCH_PATHS = "$(inherited) @executable_path/Frameworks";
				PRODUCT_BUNDLE_IDENTIFIER = edu.washinton.uw.isaacjc.Hello;
				PRODUCT_NAME = "$(TARGET_NAME)";
				SWIFT_VERSION = 4.0;
				TARGETED_DEVICE_FAMILY = "1,2";
			};
			name = Release;
		};
		F8E2E64C20034129002EDAD7 /* Debug */ = {
			isa = XCBuildConfiguration;
			buildSettings = {
				ALWAYS_EMBED_SWIFT_STANDARD_LIBRARIES = YES;
				BUNDLE_LOADER = "$(TEST_HOST)";
				CODE_SIGN_STYLE = Automatic;
				INFOPLIST_FILE = HelloTests/Info.plist;
				LD_RUNPATH_SEARCH_PATHS = "$(inherited) @executable_path/Frameworks @loader_path/Frameworks";
				PRODUCT_BUNDLE_IDENTIFIER = edu.washinton.uw.isaacjc.HelloTests;
				PRODUCT_NAME = "$(TARGET_NAME)";
				SWIFT_VERSION = 4.0;
				TARGETED_DEVICE_FAMILY = "1,2";
				TEST_HOST = "$(BUILT_PRODUCTS_DIR)/Hello.app/Hello";
			};
			name = Debug;
		};
		F8E2E64D20034129002EDAD7 /* Release */ = {
			isa = XCBuildConfiguration;
			buildSettings = {
				ALWAYS_EMBED_SWIFT_STANDARD_LIBRARIES = YES;
				BUNDLE_LOADER = "$(TEST_HOST)";
				CODE_SIGN_STYLE = Automatic;
				INFOPLIST_FILE = HelloTests/Info.plist;
				LD_RUNPATH_SEARCH_PATHS = "$(inherited) @executable_path/Frameworks @loader_path/Frameworks";
				PRODUCT_BUNDLE_IDENTIFIER = edu.washinton.uw.isaacjc.HelloTests;
				PRODUCT_NAME = "$(TARGET_NAME)";
				SWIFT_VERSION = 4.0;
				TARGETED_DEVICE_FAMILY = "1,2";
				TEST_HOST = "$(BUILT_PRODUCTS_DIR)/Hello.app/Hello";
			};
			name = Release;
		};
		F8E2E64F20034129002EDAD7 /* Debug */ = {
			isa = XCBuildConfiguration;
			buildSettings = {
				ALWAYS_EMBED_SWIFT_STANDARD_LIBRARIES = YES;
				CODE_SIGN_STYLE = Automatic;
				INFOPLIST_FILE = HelloUITests/Info.plist;
				LD_RUNPATH_SEARCH_PATHS = "$(inherited) @executable_path/Frameworks @loader_path/Frameworks";
				PRODUCT_BUNDLE_IDENTIFIER = edu.washinton.uw.isaacjc.HelloUITests;
				PRODUCT_NAME = "$(TARGET_NAME)";
				SWIFT_VERSION = 4.0;
				TARGETED_DEVICE_FAMILY = "1,2";
				TEST_TARGET_NAME = Hello;
			};
			name = Debug;
		};
		F8E2E65020034129002EDAD7 /* Release */ = {
			isa = XCBuildConfiguration;
			buildSettings = {
				ALWAYS_EMBED_SWIFT_STANDARD_LIBRARIES = YES;
				CODE_SIGN_STYLE = Automatic;
				INFOPLIST_FILE = HelloUITests/Info.plist;
				LD_RUNPATH_SEARCH_PATHS = "$(inherited) @executable_path/Frameworks @loader_path/Frameworks";
				PRODUCT_BUNDLE_IDENTIFIER = edu.washinton.uw.isaacjc.HelloUITests;
				PRODUCT_NAME = "$(TARGET_NAME)";
				SWIFT_VERSION = 4.0;
				TARGETED_DEVICE_FAMILY = "1,2";
				TEST_TARGET_NAME = Hello;
			};
			name = Release;
		};
/* End XCBuildConfiguration section */

/* Begin XCConfigurationList section */
		F8E2E61B20034129002EDAD7 /* Build configuration list for PBXProject "Hello" */ = {
			isa = XCConfigurationList;
			buildConfigurations = (
				F8E2E64620034129002EDAD7 /* Debug */,
				F8E2E64720034129002EDAD7 /* Release */,
			);
			defaultConfigurationIsVisible = 0;
			defaultConfigurationName = Release;
		};
		F8E2E64820034129002EDAD7 /* Build configuration list for PBXNativeTarget "Hello" */ = {
			isa = XCConfigurationList;
			buildConfigurations = (
				F8E2E64920034129002EDAD7 /* Debug */,
				F8E2E64A20034129002EDAD7 /* Release */,
			);
			defaultConfigurationIsVisible = 0;
			defaultConfigurationName = Release;
		};
		F8E2E64B20034129002EDAD7 /* Build configuration list for PBXNativeTarget "HelloTests" */ = {
			isa = XCConfigurationList;
			buildConfigurations = (
				F8E2E64C20034129002EDAD7 /* Debug */,
				F8E2E64D20034129002EDAD7 /* Release */,
			);
			defaultConfigurationIsVisible = 0;
			defaultConfigurationName = Release;
		};
		F8E2E64E20034129002EDAD7 /* Build configuration list for PBXNativeTarget "HelloUITests" */ = {
			isa = XCConfigurationList;
			buildConfigurations = (
				F8E2E64F20034129002EDAD7 /* Debug */,
				F8E2E65020034129002EDAD7 /* Release */,
			);
			defaultConfigurationIsVisible = 0;
			defaultConfigurationName = Release;
		};
/* End XCConfigurationList section */
	};
	rootObject = F8E2E61820034129002EDAD7 /* Project object */;
}
